
Microsoft Visual Studio Solution File, Format Version 11.00
# Visual Studio 2010
Project("{FAE04EC0-301F-11D3-BF4B-00C04F79EFBC}") = "Assembly-CSharp", "Assembly-CSharp.csproj", "{0281C369-E0C1-8F24-1C30-FD14756D50FE}"
EndProject
Project("{FAE04EC0-301F-11D3-BF4B-00C04F79EFBC}") = "Assembly-CSharp-Editor", "Assembly-CSharp-Editor.csproj", "{F0BABE50-F41B-97AD-1767-2601F7E67A3A}"
EndProject
Global
	GlobalSection(SolutionConfigurationPlatforms) = preSolution
		Debug|Any CPU = Debug|Any CPU
		Release|Any CPU = Release|Any CPU
	EndGlobalSection
	GlobalSection(ProjectConfigurationPlatforms) = postSolution
		{0281C369-E0C1-8F24-1C30-FD14756D50FE}.Debug|Any CPU.ActiveCfg = Debug|Any CPU
		{0281C369-E0C1-8F24-1C30-FD14756D50FE}.Debug|Any CPU.Build.0 = Debug|Any CPU
		{0281C369-E0C1-8F24-1C30-FD14756D50FE}.Release|Any CPU.ActiveCfg = Release|Any CPU
		{0281C369-E0C1-8F24-1C30-FD14756D50FE}.Release|Any CPU.Build.0 = Release|Any CPU
		{F0BABE50-F41B-97AD-1767-2601F7E67A3A}.Debug|Any CPU.ActiveCfg = Debug|Any CPU
		{F0BABE50-F41B-97AD-1767-2601F7E67A3A}.Debug|Any CPU.Build.0 = Debug|Any CPU
		{F0BABE50-F41B-97AD-1767-2601F7E67A3A}.Release|Any CPU.ActiveCfg = Release|Any CPU
		{F0BABE50-F41B-97AD-1767-2601F7E67A3A}.Release|Any CPU.Build.0 = Release|Any CPU
	EndGlobalSection
	GlobalSection(SolutionProperties) = preSolution
		HideSolutionNode = FALSE
	EndGlobalSection
EndGlobal
