
Microsoft Visual Studio Solution File, Format Version 11.00
# Visual Studio 2010
Project("{FAE04EC0-301F-11D3-BF4B-00C04F79EFBC}") = "Assembly-CSharp", "Assembly-CSharp.csproj", "{FCC80A4E-07FD-AC0F-8F83-779D88F992EF}"
EndProject
Global
	GlobalSection(SolutionConfigurationPlatforms) = preSolution
		Debug|Any CPU = Debug|Any CPU
		Release|Any CPU = Release|Any CPU
	EndGlobalSection
	GlobalSection(ProjectConfigurationPlatforms) = postSolution
		{FCC80A4E-07FD-AC0F-8F83-779D88F992EF}.Debug|Any CPU.ActiveCfg = Debug|Any CPU
		{FCC80A4E-07FD-AC0F-8F83-779D88F992EF}.Debug|Any CPU.Build.0 = Debug|Any CPU
		{FCC80A4E-07FD-AC0F-8F83-779D88F992EF}.Release|Any CPU.ActiveCfg = Release|Any CPU
		{FCC80A4E-07FD-AC0F-8F83-779D88F992EF}.Release|Any CPU.Build.0 = Release|Any CPU
	EndGlobalSection
	GlobalSection(SolutionProperties) = preSolution
		HideSolutionNode = FALSE
	EndGlobalSection
EndGlobal
